// !$*UTF8*$!
{
	archiveVersion = 1;
	classes = {
	};
	objectVersion = 55;
	objects = {

/* Begin PBXBuildFile section */
		425729459E93C1833D665E68 /* Pods_cicd_setup.framework in Frameworks */ = {isa = PBXBuildFile; fileRef = 8D20FC73C400E0B80AC0C1FE /* Pods_cicd_setup.framework */; };
		5D0D2A7F11E6F41D5C04A22F /* Pods_cicd_setupTests.framework in Frameworks */ = {isa = PBXBuildFile; fileRef = 78FFD373D45C8D02258FCFD7 /* Pods_cicd_setupTests.framework */; };
		7442BE1C298D626F00DD3487 /* GoogleService-Info.plist in Resources */ = {isa = PBXBuildFile; fileRef = 7442BE1B298D626F00DD3487 /* GoogleService-Info.plist */; };
		74CF3D44289A4C2A005C25A6 /* AppDelegate.swift in Sources */ = {isa = PBXBuildFile; fileRef = 74CF3D43289A4C2A005C25A6 /* AppDelegate.swift */; };
		74CF3D46289A4C2A005C25A6 /* SceneDelegate.swift in Sources */ = {isa = PBXBuildFile; fileRef = 74CF3D45289A4C2A005C25A6 /* SceneDelegate.swift */; };
		74CF3D48289A4C2A005C25A6 /* ViewController.swift in Sources */ = {isa = PBXBuildFile; fileRef = 74CF3D47289A4C2A005C25A6 /* ViewController.swift */; };
		74CF3D4B289A4C2A005C25A6 /* Main.storyboard in Resources */ = {isa = PBXBuildFile; fileRef = 74CF3D49289A4C2A005C25A6 /* Main.storyboard */; };
		74CF3D4D289A4C2C005C25A6 /* Assets.xcassets in Resources */ = {isa = PBXBuildFile; fileRef = 74CF3D4C289A4C2C005C25A6 /* Assets.xcassets */; };
		74CF3D50289A4C2C005C25A6 /* LaunchScreen.storyboard in Resources */ = {isa = PBXBuildFile; fileRef = 74CF3D4E289A4C2C005C25A6 /* LaunchScreen.storyboard */; };
		74CF3D5E289A4C3A005C25A6 /* cicd_setupTests.swift in Sources */ = {isa = PBXBuildFile; fileRef = 74CF3D5D289A4C3A005C25A6 /* cicd_setupTests.swift */; };
/* End PBXBuildFile section */

/* Begin PBXContainerItemProxy section */
		74CF3D5F289A4C3A005C25A6 /* PBXContainerItemProxy */ = {
			isa = PBXContainerItemProxy;
			containerPortal = 74CF3D38289A4C2A005C25A6 /* Project object */;
			proxyType = 1;
			remoteGlobalIDString = 74CF3D3F289A4C2A005C25A6;
			remoteInfo = "cicd-setup";
		};
/* End PBXContainerItemProxy section */

/* Begin PBXFileReference section */
		0BF0F7F0F7C5EB3DA830426C /* Pods-cicd-setupTests.debug.xcconfig */ = {isa = PBXFileReference; includeInIndex = 1; lastKnownFileType = text.xcconfig; name = "Pods-cicd-setupTests.debug.xcconfig"; path = "Target Support Files/Pods-cicd-setupTests/Pods-cicd-setupTests.debug.xcconfig"; sourceTree = "<group>"; };
		528596B4E8FF0AAE67FA9DBB /* Pods-cicd-setup.debug.xcconfig */ = {isa = PBXFileReference; includeInIndex = 1; lastKnownFileType = text.xcconfig; name = "Pods-cicd-setup.debug.xcconfig"; path = "Target Support Files/Pods-cicd-setup/Pods-cicd-setup.debug.xcconfig"; sourceTree = "<group>"; };
		7442BE1B298D626F00DD3487 /* GoogleService-Info.plist */ = {isa = PBXFileReference; fileEncoding = 4; lastKnownFileType = text.plist.xml; path = "GoogleService-Info.plist"; sourceTree = "<group>"; };
		74CF3D40289A4C2A005C25A6 /* cicd-setup.app */ = {isa = PBXFileReference; explicitFileType = wrapper.application; includeInIndex = 0; path = "cicd-setup.app"; sourceTree = BUILT_PRODUCTS_DIR; };
		74CF3D43289A4C2A005C25A6 /* AppDelegate.swift */ = {isa = PBXFileReference; lastKnownFileType = sourcecode.swift; path = AppDelegate.swift; sourceTree = "<group>"; };
		74CF3D45289A4C2A005C25A6 /* SceneDelegate.swift */ = {isa = PBXFileReference; lastKnownFileType = sourcecode.swift; path = SceneDelegate.swift; sourceTree = "<group>"; };
		74CF3D47289A4C2A005C25A6 /* ViewController.swift */ = {isa = PBXFileReference; lastKnownFileType = sourcecode.swift; path = ViewController.swift; sourceTree = "<group>"; };
		74CF3D4A289A4C2A005C25A6 /* Base */ = {isa = PBXFileReference; lastKnownFileType = file.storyboard; name = Base; path = Base.lproj/Main.storyboard; sourceTree = "<group>"; };
		74CF3D4C289A4C2C005C25A6 /* Assets.xcassets */ = {isa = PBXFileReference; lastKnownFileType = folder.assetcatalog; path = Assets.xcassets; sourceTree = "<group>"; };
		74CF3D4F289A4C2C005C25A6 /* Base */ = {isa = PBXFileReference; lastKnownFileType = file.storyboard; name = Base; path = Base.lproj/LaunchScreen.storyboard; sourceTree = "<group>"; };
		74CF3D51289A4C2C005C25A6 /* Info.plist */ = {isa = PBXFileReference; lastKnownFileType = text.plist.xml; path = Info.plist; sourceTree = "<group>"; };
		74CF3D5B289A4C3A005C25A6 /* cicd-setupTests.xctest */ = {isa = PBXFileReference; explicitFileType = wrapper.cfbundle; includeInIndex = 0; path = "cicd-setupTests.xctest"; sourceTree = BUILT_PRODUCTS_DIR; };
		74CF3D5D289A4C3A005C25A6 /* cicd_setupTests.swift */ = {isa = PBXFileReference; lastKnownFileType = sourcecode.swift; path = cicd_setupTests.swift; sourceTree = "<group>"; };
		78FFD373D45C8D02258FCFD7 /* Pods_cicd_setupTests.framework */ = {isa = PBXFileReference; explicitFileType = wrapper.framework; includeInIndex = 0; path = Pods_cicd_setupTests.framework; sourceTree = BUILT_PRODUCTS_DIR; };
		8D20FC73C400E0B80AC0C1FE /* Pods_cicd_setup.framework */ = {isa = PBXFileReference; explicitFileType = wrapper.framework; includeInIndex = 0; path = Pods_cicd_setup.framework; sourceTree = BUILT_PRODUCTS_DIR; };
		A00472B212B0CF98FCE83F05 /* Pods-cicd-setupTests.release.xcconfig */ = {isa = PBXFileReference; includeInIndex = 1; lastKnownFileType = text.xcconfig; name = "Pods-cicd-setupTests.release.xcconfig"; path = "Target Support Files/Pods-cicd-setupTests/Pods-cicd-setupTests.release.xcconfig"; sourceTree = "<group>"; };
		BC38125048C350A9D0B44BD2 /* Pods-cicd-setup.release.xcconfig */ = {isa = PBXFileReference; includeInIndex = 1; lastKnownFileType = text.xcconfig; name = "Pods-cicd-setup.release.xcconfig"; path = "Target Support Files/Pods-cicd-setup/Pods-cicd-setup.release.xcconfig"; sourceTree = "<group>"; };
/* End PBXFileReference section */

/* Begin PBXFrameworksBuildPhase section */
		74CF3D3D289A4C2A005C25A6 /* Frameworks */ = {
			isa = PBXFrameworksBuildPhase;
			buildActionMask = 2147483647;
			files = (
				425729459E93C1833D665E68 /* Pods_cicd_setup.framework in Frameworks */,
			);
			runOnlyForDeploymentPostprocessing = 0;
		};
		74CF3D58289A4C3A005C25A6 /* Frameworks */ = {
			isa = PBXFrameworksBuildPhase;
			buildActionMask = 2147483647;
			files = (
				5D0D2A7F11E6F41D5C04A22F /* Pods_cicd_setupTests.framework in Frameworks */,
			);
			runOnlyForDeploymentPostprocessing = 0;
		};
/* End PBXFrameworksBuildPhase section */

/* Begin PBXGroup section */
		18C19C8DA70AC3526BDD7D22 /* Frameworks */ = {
			isa = PBXGroup;
			children = (
				8D20FC73C400E0B80AC0C1FE /* Pods_cicd_setup.framework */,
				78FFD373D45C8D02258FCFD7 /* Pods_cicd_setupTests.framework */,
			);
			name = Frameworks;
			sourceTree = "<group>";
		};
		4A214F23056F1661A022FA92 /* Pods */ = {
			isa = PBXGroup;
			children = (
				528596B4E8FF0AAE67FA9DBB /* Pods-cicd-setup.debug.xcconfig */,
				BC38125048C350A9D0B44BD2 /* Pods-cicd-setup.release.xcconfig */,
				0BF0F7F0F7C5EB3DA830426C /* Pods-cicd-setupTests.debug.xcconfig */,
				A00472B212B0CF98FCE83F05 /* Pods-cicd-setupTests.release.xcconfig */,
			);
			path = Pods;
			sourceTree = "<group>";
		};
		74CF3D37289A4C2A005C25A6 = {
			isa = PBXGroup;
			children = (
				74CF3D42289A4C2A005C25A6 /* cicd-setup */,
				74CF3D5C289A4C3A005C25A6 /* cicd-setupTests */,
				74CF3D41289A4C2A005C25A6 /* Products */,
				4A214F23056F1661A022FA92 /* Pods */,
				18C19C8DA70AC3526BDD7D22 /* Frameworks */,
			);
			sourceTree = "<group>";
		};
		74CF3D41289A4C2A005C25A6 /* Products */ = {
			isa = PBXGroup;
			children = (
				74CF3D40289A4C2A005C25A6 /* cicd-setup.app */,
				74CF3D5B289A4C3A005C25A6 /* cicd-setupTests.xctest */,
			);
			name = Products;
			sourceTree = "<group>";
		};
		74CF3D42289A4C2A005C25A6 /* cicd-setup */ = {
			isa = PBXGroup;
			children = (
				74CF3D43289A4C2A005C25A6 /* AppDelegate.swift */,
				74CF3D45289A4C2A005C25A6 /* SceneDelegate.swift */,
				74CF3D47289A4C2A005C25A6 /* ViewController.swift */,
				74CF3D49289A4C2A005C25A6 /* Main.storyboard */,
				74CF3D4C289A4C2C005C25A6 /* Assets.xcassets */,
				74CF3D4E289A4C2C005C25A6 /* LaunchScreen.storyboard */,
				7442BE1B298D626F00DD3487 /* GoogleService-Info.plist */,
				74CF3D51289A4C2C005C25A6 /* Info.plist */,
			);
			path = "cicd-setup";
			sourceTree = "<group>";
		};
		74CF3D5C289A4C3A005C25A6 /* cicd-setupTests */ = {
			isa = PBXGroup;
			children = (
				74CF3D5D289A4C3A005C25A6 /* cicd_setupTests.swift */,
			);
			path = "cicd-setupTests";
			sourceTree = "<group>";
		};
/* End PBXGroup section */

/* Begin PBXNativeTarget section */
		74CF3D3F289A4C2A005C25A6 /* cicd-setup */ = {
			isa = PBXNativeTarget;
			buildConfigurationList = 74CF3D54289A4C2C005C25A6 /* Build configuration list for PBXNativeTarget "cicd-setup" */;
			buildPhases = (
				34B58252D6984856ADE6C165 /* [CP] Check Pods Manifest.lock */,
				74CF3D3C289A4C2A005C25A6 /* Sources */,
				74CF3D3D289A4C2A005C25A6 /* Frameworks */,
				74CF3D3E289A4C2A005C25A6 /* Resources */,
				2E72476D413C5B16A7E42828 /* [CP] Embed Pods Frameworks */,
			);
			buildRules = (
			);
			dependencies = (
			);
			name = "cicd-setup";
			productName = "cicd-setup";
			productReference = 74CF3D40289A4C2A005C25A6 /* cicd-setup.app */;
			productType = "com.apple.product-type.application";
		};
		74CF3D5A289A4C3A005C25A6 /* cicd-setupTests */ = {
			isa = PBXNativeTarget;
			buildConfigurationList = 74CF3D61289A4C3A005C25A6 /* Build configuration list for PBXNativeTarget "cicd-setupTests" */;
			buildPhases = (
				6B611519E6BE239C1B101CE4 /* [CP] Check Pods Manifest.lock */,
				74CF3D57289A4C3A005C25A6 /* Sources */,
				74CF3D58289A4C3A005C25A6 /* Frameworks */,
				74CF3D59289A4C3A005C25A6 /* Resources */,
			);
			buildRules = (
			);
			dependencies = (
				74CF3D60289A4C3A005C25A6 /* PBXTargetDependency */,
			);
			name = "cicd-setupTests";
			productName = "cicd-setupTests";
			productReference = 74CF3D5B289A4C3A005C25A6 /* cicd-setupTests.xctest */;
			productType = "com.apple.product-type.bundle.unit-test";
		};
/* End PBXNativeTarget section */

/* Begin PBXProject section */
		74CF3D38289A4C2A005C25A6 /* Project object */ = {
			isa = PBXProject;
			attributes = {
				BuildIndependentTargetsInParallel = 1;
				LastSwiftUpdateCheck = 1340;
				LastUpgradeCheck = 1340;
				TargetAttributes = {
					74CF3D3F289A4C2A005C25A6 = {
						CreatedOnToolsVersion = 13.4.1;
					};
					74CF3D5A289A4C3A005C25A6 = {
						CreatedOnToolsVersion = 13.4.1;
						TestTargetID = 74CF3D3F289A4C2A005C25A6;
					};
				};
			};
			buildConfigurationList = 74CF3D3B289A4C2A005C25A6 /* Build configuration list for PBXProject "cicd-setup" */;
			compatibilityVersion = "Xcode 13.0";
			developmentRegion = en;
			hasScannedForEncodings = 0;
			knownRegions = (
				en,
				Base,
			);
			mainGroup = 74CF3D37289A4C2A005C25A6;
			productRefGroup = 74CF3D41289A4C2A005C25A6 /* Products */;
			projectDirPath = "";
			projectRoot = "";
			targets = (
				74CF3D3F289A4C2A005C25A6 /* cicd-setup */,
				74CF3D5A289A4C3A005C25A6 /* cicd-setupTests */,
			);
		};
/* End PBXProject section */

/* Begin PBXResourcesBuildPhase section */
		74CF3D3E289A4C2A005C25A6 /* Resources */ = {
			isa = PBXResourcesBuildPhase;
			buildActionMask = 2147483647;
			files = (
				74CF3D50289A4C2C005C25A6 /* LaunchScreen.storyboard in Resources */,
				7442BE1C298D626F00DD3487 /* GoogleService-Info.plist in Resources */,
				74CF3D4D289A4C2C005C25A6 /* Assets.xcassets in Resources */,
				74CF3D4B289A4C2A005C25A6 /* Main.storyboard in Resources */,
			);
			runOnlyForDeploymentPostprocessing = 0;
		};
		74CF3D59289A4C3A005C25A6 /* Resources */ = {
			isa = PBXResourcesBuildPhase;
			buildActionMask = 2147483647;
			files = (
			);
			runOnlyForDeploymentPostprocessing = 0;
		};
/* End PBXResourcesBuildPhase section */

/* Begin PBXShellScriptBuildPhase section */
		2E72476D413C5B16A7E42828 /* [CP] Embed Pods Frameworks */ = {
			isa = PBXShellScriptBuildPhase;
			buildActionMask = 2147483647;
			files = (
			);
			inputFileListPaths = (
				"${PODS_ROOT}/Target Support Files/Pods-cicd-setup/Pods-cicd-setup-frameworks-${CONFIGURATION}-input-files.xcfilelist",
			);
			name = "[CP] Embed Pods Frameworks";
			outputFileListPaths = (
				"${PODS_ROOT}/Target Support Files/Pods-cicd-setup/Pods-cicd-setup-frameworks-${CONFIGURATION}-output-files.xcfilelist",
			);
			runOnlyForDeploymentPostprocessing = 0;
			shellPath = /bin/sh;
			shellScript = "\"${PODS_ROOT}/Target Support Files/Pods-cicd-setup/Pods-cicd-setup-frameworks.sh\"\n";
			showEnvVarsInLog = 0;
		};
		34B58252D6984856ADE6C165 /* [CP] Check Pods Manifest.lock */ = {
			isa = PBXShellScriptBuildPhase;
			buildActionMask = 2147483647;
			files = (
			);
			inputFileListPaths = (
			);
			inputPaths = (
				"${PODS_PODFILE_DIR_PATH}/Podfile.lock",
				"${PODS_ROOT}/Manifest.lock",
			);
			name = "[CP] Check Pods Manifest.lock";
			outputFileListPaths = (
			);
			outputPaths = (
				"$(DERIVED_FILE_DIR)/Pods-cicd-setup-checkManifestLockResult.txt",
			);
			runOnlyForDeploymentPostprocessing = 0;
			shellPath = /bin/sh;
			shellScript = "diff \"${PODS_PODFILE_DIR_PATH}/Podfile.lock\" \"${PODS_ROOT}/Manifest.lock\" > /dev/null\nif [ $? != 0 ] ; then\n    # print error to STDERR\n    echo \"error: The sandbox is not in sync with the Podfile.lock. Run 'pod install' or update your CocoaPods installation.\" >&2\n    exit 1\nfi\n# This output is used by Xcode 'outputs' to avoid re-running this script phase.\necho \"SUCCESS\" > \"${SCRIPT_OUTPUT_FILE_0}\"\n";
			showEnvVarsInLog = 0;
		};
		6B611519E6BE239C1B101CE4 /* [CP] Check Pods Manifest.lock */ = {
			isa = PBXShellScriptBuildPhase;
			buildActionMask = 2147483647;
			files = (
			);
			inputFileListPaths = (
			);
			inputPaths = (
				"${PODS_PODFILE_DIR_PATH}/Podfile.lock",
				"${PODS_ROOT}/Manifest.lock",
			);
			name = "[CP] Check Pods Manifest.lock";
			outputFileListPaths = (
			);
			outputPaths = (
				"$(DERIVED_FILE_DIR)/Pods-cicd-setupTests-checkManifestLockResult.txt",
			);
			runOnlyForDeploymentPostprocessing = 0;
			shellPath = /bin/sh;
			shellScript = "diff \"${PODS_PODFILE_DIR_PATH}/Podfile.lock\" \"${PODS_ROOT}/Manifest.lock\" > /dev/null\nif [ $? != 0 ] ; then\n    # print error to STDERR\n    echo \"error: The sandbox is not in sync with the Podfile.lock. Run 'pod install' or update your CocoaPods installation.\" >&2\n    exit 1\nfi\n# This output is used by Xcode 'outputs' to avoid re-running this script phase.\necho \"SUCCESS\" > \"${SCRIPT_OUTPUT_FILE_0}\"\n";
			showEnvVarsInLog = 0;
		};
/* End PBXShellScriptBuildPhase section */

/* Begin PBXSourcesBuildPhase section */
		74CF3D3C289A4C2A005C25A6 /* Sources */ = {
			isa = PBXSourcesBuildPhase;
			buildActionMask = 2147483647;
			files = (
				74CF3D48289A4C2A005C25A6 /* ViewController.swift in Sources */,
				74CF3D44289A4C2A005C25A6 /* AppDelegate.swift in Sources */,
				74CF3D46289A4C2A005C25A6 /* SceneDelegate.swift in Sources */,
			);
			runOnlyForDeploymentPostprocessing = 0;
		};
		74CF3D57289A4C3A005C25A6 /* Sources */ = {
			isa = PBXSourcesBuildPhase;
			buildActionMask = 2147483647;
			files = (
				74CF3D5E289A4C3A005C25A6 /* cicd_setupTests.swift in Sources */,
			);
			runOnlyForDeploymentPostprocessing = 0;
		};
/* End PBXSourcesBuildPhase section */

/* Begin PBXTargetDependency section */
		74CF3D60289A4C3A005C25A6 /* PBXTargetDependency */ = {
			isa = PBXTargetDependency;
			target = 74CF3D3F289A4C2A005C25A6 /* cicd-setup */;
			targetProxy = 74CF3D5F289A4C3A005C25A6 /* PBXContainerItemProxy */;
		};
/* End PBXTargetDependency section */

/* Begin PBXVariantGroup section */
		74CF3D49289A4C2A005C25A6 /* Main.storyboard */ = {
			isa = PBXVariantGroup;
			children = (
				74CF3D4A289A4C2A005C25A6 /* Base */,
			);
			name = Main.storyboard;
			sourceTree = "<group>";
		};
		74CF3D4E289A4C2C005C25A6 /* LaunchScreen.storyboard */ = {
			isa = PBXVariantGroup;
			children = (
				74CF3D4F289A4C2C005C25A6 /* Base */,
			);
			name = LaunchScreen.storyboard;
			sourceTree = "<group>";
		};
/* End PBXVariantGroup section */

/* Begin XCBuildConfiguration section */
		74CF3D52289A4C2C005C25A6 /* Debug */ = {
			isa = XCBuildConfiguration;
			buildSettings = {
				ALWAYS_SEARCH_USER_PATHS = NO;
				CLANG_ANALYZER_NONNULL = YES;
				CLANG_ANALYZER_NUMBER_OBJECT_CONVERSION = YES_AGGRESSIVE;
				CLANG_CXX_LANGUAGE_STANDARD = "gnu++17";
				CLANG_ENABLE_MODULES = YES;
				CLANG_ENABLE_OBJC_ARC = YES;
				CLANG_ENABLE_OBJC_WEAK = YES;
				CLANG_WARN_BLOCK_CAPTURE_AUTORELEASING = YES;
				CLANG_WARN_BOOL_CONVERSION = YES;
				CLANG_WARN_COMMA = YES;
				CLANG_WARN_CONSTANT_CONVERSION = YES;
				CLANG_WARN_DEPRECATED_OBJC_IMPLEMENTATIONS = YES;
				CLANG_WARN_DIRECT_OBJC_ISA_USAGE = YES_ERROR;
				CLANG_WARN_DOCUMENTATION_COMMENTS = YES;
				CLANG_WARN_EMPTY_BODY = YES;
				CLANG_WARN_ENUM_CONVERSION = YES;
				CLANG_WARN_INFINITE_RECURSION = YES;
				CLANG_WARN_INT_CONVERSION = YES;
				CLANG_WARN_NON_LITERAL_NULL_CONVERSION = YES;
				CLANG_WARN_OBJC_IMPLICIT_RETAIN_SELF = YES;
				CLANG_WARN_OBJC_LITERAL_CONVERSION = YES;
				CLANG_WARN_OBJC_ROOT_CLASS = YES_ERROR;
				CLANG_WARN_QUOTED_INCLUDE_IN_FRAMEWORK_HEADER = YES;
				CLANG_WARN_RANGE_LOOP_ANALYSIS = YES;
				CLANG_WARN_STRICT_PROTOTYPES = YES;
				CLANG_WARN_SUSPICIOUS_MOVE = YES;
				CLANG_WARN_UNGUARDED_AVAILABILITY = YES_AGGRESSIVE;
				CLANG_WARN_UNREACHABLE_CODE = YES;
				CLANG_WARN__DUPLICATE_METHOD_MATCH = YES;
				COPY_PHASE_STRIP = NO;
				DEBUG_INFORMATION_FORMAT = dwarf;
				ENABLE_STRICT_OBJC_MSGSEND = YES;
				ENABLE_TESTABILITY = YES;
				GCC_C_LANGUAGE_STANDARD = gnu11;
				GCC_DYNAMIC_NO_PIC = NO;
				GCC_NO_COMMON_BLOCKS = YES;
				GCC_OPTIMIZATION_LEVEL = 0;
				GCC_PREPROCESSOR_DEFINITIONS = (
					"DEBUG=1",
					"$(inherited)",
				);
				GCC_WARN_64_TO_32_BIT_CONVERSION = YES;
				GCC_WARN_ABOUT_RETURN_TYPE = YES_ERROR;
				GCC_WARN_UNDECLARED_SELECTOR = YES;
				GCC_WARN_UNINITIALIZED_AUTOS = YES_AGGRESSIVE;
				GCC_WARN_UNUSED_FUNCTION = YES;
				GCC_WARN_UNUSED_VARIABLE = YES;
				IPHONEOS_DEPLOYMENT_TARGET = 15.5;
				MTL_ENABLE_DEBUG_INFO = INCLUDE_SOURCE;
				MTL_FAST_MATH = YES;
				ONLY_ACTIVE_ARCH = YES;
				SDKROOT = iphoneos;
				SWIFT_ACTIVE_COMPILATION_CONDITIONS = DEBUG;
				SWIFT_OPTIMIZATION_LEVEL = "-Onone";
			};
			name = Debug;
		};
		74CF3D53289A4C2C005C25A6 /* Release */ = {
			isa = XCBuildConfiguration;
			buildSettings = {
				ALWAYS_SEARCH_USER_PATHS = NO;
				CLANG_ANALYZER_NONNULL = YES;
				CLANG_ANALYZER_NUMBER_OBJECT_CONVERSION = YES_AGGRESSIVE;
				CLANG_CXX_LANGUAGE_STANDARD = "gnu++17";
				CLANG_ENABLE_MODULES = YES;
				CLANG_ENABLE_OBJC_ARC = YES;
				CLANG_ENABLE_OBJC_WEAK = YES;
				CLANG_WARN_BLOCK_CAPTURE_AUTORELEASING = YES;
				CLANG_WARN_BOOL_CONVERSION = YES;
				CLANG_WARN_COMMA = YES;
				CLANG_WARN_CONSTANT_CONVERSION = YES;
				CLANG_WARN_DEPRECATED_OBJC_IMPLEMENTATIONS = YES;
				CLANG_WARN_DIRECT_OBJC_ISA_USAGE = YES_ERROR;
				CLANG_WARN_DOCUMENTATION_COMMENTS = YES;
				CLANG_WARN_EMPTY_BODY = YES;
				CLANG_WARN_ENUM_CONVERSION = YES;
				CLANG_WARN_INFINITE_RECURSION = YES;
				CLANG_WARN_INT_CONVERSION = YES;
				CLANG_WARN_NON_LITERAL_NULL_CONVERSION = YES;
				CLANG_WARN_OBJC_IMPLICIT_RETAIN_SELF = YES;
				CLANG_WARN_OBJC_LITERAL_CONVERSION = YES;
				CLANG_WARN_OBJC_ROOT_CLASS = YES_ERROR;
				CLANG_WARN_QUOTED_INCLUDE_IN_FRAMEWORK_HEADER = YES;
				CLANG_WARN_RANGE_LOOP_ANALYSIS = YES;
				CLANG_WARN_STRICT_PROTOTYPES = YES;
				CLANG_WARN_SUSPICIOUS_MOVE = YES;
				CLANG_WARN_UNGUARDED_AVAILABILITY = YES_AGGRESSIVE;
				CLANG_WARN_UNREACHABLE_CODE = YES;
				CLANG_WARN__DUPLICATE_METHOD_MATCH = YES;
				COPY_PHASE_STRIP = NO;
				DEBUG_INFORMATION_FORMAT = "dwarf-with-dsym";
				ENABLE_NS_ASSERTIONS = NO;
				ENABLE_STRICT_OBJC_MSGSEND = YES;
				GCC_C_LANGUAGE_STANDARD = gnu11;
				GCC_NO_COMMON_BLOCKS = YES;
				GCC_WARN_64_TO_32_BIT_CONVERSION = YES;
				GCC_WARN_ABOUT_RETURN_TYPE = YES_ERROR;
				GCC_WARN_UNDECLARED_SELECTOR = YES;
				GCC_WARN_UNINITIALIZED_AUTOS = YES_AGGRESSIVE;
				GCC_WARN_UNUSED_FUNCTION = YES;
				GCC_WARN_UNUSED_VARIABLE = YES;
				IPHONEOS_DEPLOYMENT_TARGET = 15.5;
				MTL_ENABLE_DEBUG_INFO = NO;
				MTL_FAST_MATH = YES;
				SDKROOT = iphoneos;
				SWIFT_COMPILATION_MODE = wholemodule;
				SWIFT_OPTIMIZATION_LEVEL = "-O";
				VALIDATE_PRODUCT = YES;
			};
			name = Release;
		};
		74CF3D55289A4C2C005C25A6 /* Debug */ = {
			isa = XCBuildConfiguration;
			baseConfigurationReference = 528596B4E8FF0AAE67FA9DBB /* Pods-cicd-setup.debug.xcconfig */;
			buildSettings = {
				ASSETCATALOG_COMPILER_APPICON_NAME = AppIcon;
				ASSETCATALOG_COMPILER_GLOBAL_ACCENT_COLOR_NAME = AccentColor;
				CODE_SIGN_IDENTITY = "Apple Development";
				CODE_SIGN_STYLE = Automatic;
				CURRENT_PROJECT_VERSION = 8;
				DEVELOPMENT_TEAM = FLY8DC9K57;
				GENERATE_INFOPLIST_FILE = YES;
				INFOPLIST_FILE = "cicd-setup/Info.plist";
				INFOPLIST_KEY_UIApplicationSupportsIndirectInputEvents = YES;
				INFOPLIST_KEY_UILaunchStoryboardName = LaunchScreen;
				INFOPLIST_KEY_UIMainStoryboardFile = Main;
				INFOPLIST_KEY_UISupportedInterfaceOrientations = UIInterfaceOrientationPortrait;
				LD_RUNPATH_SEARCH_PATHS = (
					"$(inherited)",
					"@executable_path/Frameworks",
				);
				MARKETING_VERSION = 1.0;
				PRODUCT_BUNDLE_IDENTIFIER = "com.ae.uc.cicd-setup123";
				PRODUCT_NAME = "$(TARGET_NAME)";
				PROVISIONING_PROFILE_SPECIFIER = "";
				SUPPORTED_PLATFORMS = "iphoneos iphonesimulator";
				SUPPORTS_MACCATALYST = NO;
				SUPPORTS_MAC_DESIGNED_FOR_IPHONE_IPAD = NO;
				SWIFT_EMIT_LOC_STRINGS = YES;
				SWIFT_VERSION = 5.0;
				TARGETED_DEVICE_FAMILY = 1;
			};
			name = Debug;
		};
		74CF3D56289A4C2C005C25A6 /* Release */ = {
			isa = XCBuildConfiguration;
			baseConfigurationReference = BC38125048C350A9D0B44BD2 /* Pods-cicd-setup.release.xcconfig */;
			buildSettings = {
				ASSETCATALOG_COMPILER_APPICON_NAME = AppIcon;
				ASSETCATALOG_COMPILER_GLOBAL_ACCENT_COLOR_NAME = AccentColor;
				CODE_SIGN_IDENTITY = "Apple Development";
				CODE_SIGN_STYLE = Automatic;
				CURRENT_PROJECT_VERSION = 8;
				DEVELOPMENT_TEAM = FLY8DC9K57;
				GENERATE_INFOPLIST_FILE = YES;
				INFOPLIST_FILE = "cicd-setup/Info.plist";
				INFOPLIST_KEY_UIApplicationSupportsIndirectInputEvents = YES;
				INFOPLIST_KEY_UILaunchStoryboardName = LaunchScreen;
				INFOPLIST_KEY_UIMainStoryboardFile = Main;
				INFOPLIST_KEY_UISupportedInterfaceOrientations = UIInterfaceOrientationPortrait;
				LD_RUNPATH_SEARCH_PATHS = (
					"$(inherited)",
					"@executable_path/Frameworks",
				);
				MARKETING_VERSION = 1.0;
				PRODUCT_BUNDLE_IDENTIFIER = "com.ae.uc.cicd-setup123";
				PRODUCT_NAME = "$(TARGET_NAME)";
				PROVISIONING_PROFILE_SPECIFIER = "";
				SUPPORTED_PLATFORMS = "iphoneos iphonesimulator";
				SUPPORTS_MACCATALYST = NO;
				SUPPORTS_MAC_DESIGNED_FOR_IPHONE_IPAD = NO;
				SWIFT_EMIT_LOC_STRINGS = YES;
				SWIFT_VERSION = 5.0;
				TARGETED_DEVICE_FAMILY = 1;
			};
			name = Release;
		};
		74CF3D62289A4C3A005C25A6 /* Debug */ = {
			isa = XCBuildConfiguration;
			baseConfigurationReference = 0BF0F7F0F7C5EB3DA830426C /* Pods-cicd-setupTests.debug.xcconfig */;
			buildSettings = {
				BUNDLE_LOADER = "$(TEST_HOST)";
				CODE_SIGN_STYLE = Automatic;
				CURRENT_PROJECT_VERSION = 8;
				DEVELOPMENT_TEAM = FLY8DC9K57;
				GENERATE_INFOPLIST_FILE = YES;
				MARKETING_VERSION = 1.0;
				PRODUCT_BUNDLE_IDENTIFIER = "com.ae.cicd-setupTests";
				PRODUCT_NAME = "$(TARGET_NAME)";
				SWIFT_EMIT_LOC_STRINGS = NO;
				SWIFT_VERSION = 5.0;
				TARGETED_DEVICE_FAMILY = "1,2";
				TEST_HOST = "$(BUILT_PRODUCTS_DIR)/cicd-setup.app/cicd-setup";
			};
			name = Debug;
		};
		74CF3D63289A4C3A005C25A6 /* Release */ = {
			isa = XCBuildConfiguration;
			baseConfigurationReference = A00472B212B0CF98FCE83F05 /* Pods-cicd-setupTests.release.xcconfig */;
			buildSettings = {
				BUNDLE_LOADER = "$(TEST_HOST)";
				CODE_SIGN_STYLE = Automatic;
				CURRENT_PROJECT_VERSION = 8;
				DEVELOPMENT_TEAM = FLY8DC9K57;
				GENERATE_INFOPLIST_FILE = YES;
				MARKETING_VERSION = 1.0;
				PRODUCT_BUNDLE_IDENTIFIER = "com.ae.cicd-setupTests";
				PRODUCT_NAME = "$(TARGET_NAME)";
				SWIFT_EMIT_LOC_STRINGS = NO;
				SWIFT_VERSION = 5.0;
				TARGETED_DEVICE_FAMILY = "1,2";
				TEST_HOST = "$(BUILT_PRODUCTS_DIR)/cicd-setup.app/cicd-setup";
			};
			name = Release;
		};
/* End XCBuildConfiguration section */

/* Begin XCConfigurationList section */
		74CF3D3B289A4C2A005C25A6 /* Build configuration list for PBXProject "cicd-setup" */ = {
			isa = XCConfigurationList;
			buildConfigurations = (
				74CF3D52289A4C2C005C25A6 /* Debug */,
				74CF3D53289A4C2C005C25A6 /* Release */,
			);
			defaultConfigurationIsVisible = 0;
			defaultConfigurationName = Release;
		};
		74CF3D54289A4C2C005C25A6 /* Build configuration list for PBXNativeTarget "cicd-setup" */ = {
			isa = XCConfigurationList;
			buildConfigurations = (
				74CF3D55289A4C2C005C25A6 /* Debug */,
				74CF3D56289A4C2C005C25A6 /* Release */,
			);
			defaultConfigurationIsVisible = 0;
			defaultConfigurationName = Release;
		};
		74CF3D61289A4C3A005C25A6 /* Build configuration list for PBXNativeTarget "cicd-setupTests" */ = {
			isa = XCConfigurationList;
			buildConfigurations = (
				74CF3D62289A4C3A005C25A6 /* Debug */,
				74CF3D63289A4C3A005C25A6 /* Release */,
			);
			defaultConfigurationIsVisible = 0;
			defaultConfigurationName = Release;
		};
/* End XCConfigurationList section */
	};
	rootObject = 74CF3D38289A4C2A005C25A6 /* Project object */;
}
